
Microsoft Visual Studio Solution File, Format Version 12.00
# Visual Studio Version 17
VisualStudioVersion = 17.14.36212.18
MinimumVisualStudioVersion = 10.0.40219.1
Project("{FAE04EC0-301F-11D3-BF4B-00C04F79EFBC}") = "healLink.Application", "healLink.Application\healLink.Application.csproj", "{84A3A8BF-9045-4ABA-A3A3-2DA1F49A28CE}"
EndProject
Project("{FAE04EC0-301F-11D3-BF4B-00C04F79EFBC}") = "HealLink.Infrastructure", "HealLink.Infrastructure\HealLink.Infrastructure.csproj", "{3FC31930-951E-4F74-9DF4-DC7A14B72985}"
EndProject
Project("{FAE04EC0-301F-11D3-BF4B-00C04F79EFBC}") = "HealLink.Domain", "HealLink.Domain\HealLink.Domain.csproj", "{B2BAD91B-9205-414F-890D-7A26D48C5EDD}"
EndProject
Project("{FAE04EC0-301F-11D3-BF4B-00C04F79EFBC}") = "HealLink.Api", "HealLink.API\HealLink.Api.csproj", "{F0B1544F-BBFC-62FF-0838-A936F4E86069}"
EndProject
Project("{FAE04EC0-301F-11D3-BF4B-00C04F79EFBC}") = "HealLink.Contracts", "HealLink.Contracts\HealLink.Contracts.csproj", "{833924A7-1C0F-4A6D-8617-BEC09B35144C}"
EndProject
Global
	GlobalSection(SolutionConfigurationPlatforms) = preSolution
		Debug|Any CPU = Debug|Any CPU
		Release|Any CPU = Release|Any CPU
	EndGlobalSection
	GlobalSection(ProjectConfigurationPlatforms) = postSolution
		{84A3A8BF-9045-4ABA-A3A3-2DA1F49A28CE}.Debug|Any CPU.ActiveCfg = Debug|Any CPU
		{84A3A8BF-9045-4ABA-A3A3-2DA1F49A28CE}.Debug|Any CPU.Build.0 = Debug|Any CPU
		{84A3A8BF-9045-4ABA-A3A3-2DA1F49A28CE}.Release|Any CPU.ActiveCfg = Release|Any CPU
		{84A3A8BF-9045-4ABA-A3A3-2DA1F49A28CE}.Release|Any CPU.Build.0 = Release|Any CPU
		{3FC31930-951E-4F74-9DF4-DC7A14B72985}.Debug|Any CPU.ActiveCfg = Debug|Any CPU
		{3FC31930-951E-4F74-9DF4-DC7A14B72985}.Debug|Any CPU.Build.0 = Debug|Any CPU
		{3FC31930-951E-4F74-9DF4-DC7A14B72985}.Release|Any CPU.ActiveCfg = Release|Any CPU
		{3FC31930-951E-4F74-9DF4-DC7A14B72985}.Release|Any CPU.Build.0 = Release|Any CPU
		{B2BAD91B-9205-414F-890D-7A26D48C5EDD}.Debug|Any CPU.ActiveCfg = Debug|Any CPU
		{B2BAD91B-9205-414F-890D-7A26D48C5EDD}.Debug|Any CPU.Build.0 = Debug|Any CPU
		{B2BAD91B-9205-414F-890D-7A26D48C5EDD}.Release|Any CPU.ActiveCfg = Release|Any CPU
		{B2BAD91B-9205-414F-890D-7A26D48C5EDD}.Release|Any CPU.Build.0 = Release|Any CPU
		{F0B1544F-BBFC-62FF-0838-A936F4E86069}.Debug|Any CPU.ActiveCfg = Debug|Any CPU
		{F0B1544F-BBFC-62FF-0838-A936F4E86069}.Debug|Any CPU.Build.0 = Debug|Any CPU
		{F0B1544F-BBFC-62FF-0838-A936F4E86069}.Release|Any CPU.ActiveCfg = Release|Any CPU
		{F0B1544F-BBFC-62FF-0838-A936F4E86069}.Release|Any CPU.Build.0 = Release|Any CPU
		{833924A7-1C0F-4A6D-8617-BEC09B35144C}.Debug|Any CPU.ActiveCfg = Debug|Any CPU
		{833924A7-1C0F-4A6D-8617-BEC09B35144C}.Debug|Any CPU.Build.0 = Debug|Any CPU
		{833924A7-1C0F-4A6D-8617-BEC09B35144C}.Release|Any CPU.ActiveCfg = Release|Any CPU
		{833924A7-1C0F-4A6D-8617-BEC09B35144C}.Release|Any CPU.Build.0 = Release|Any CPU
	EndGlobalSection
	GlobalSection(SolutionProperties) = preSolution
		HideSolutionNode = FALSE
	EndGlobalSection
	GlobalSection(ExtensibilityGlobals) = postSolution
		SolutionGuid = {BE595843-4AA0-40EC-A7F4-1E054FC1E079}
	EndGlobalSection
EndGlobal
